
Microsoft Visual Studio Solution File, Format Version 12.00
# Visual Studio Version 17
VisualStudioVersion = 17.2.32526.322
MinimumVisualStudioVersion = 10.0.40219.1
Project("{9A19103F-16F7-4668-BE54-9A1E7A4F7556}") = "Exercises", "UnitTwo\Exercises.csproj", "{B431077C-7B41-46BB-BF48-C131BDFDA308}"
EndProject
Global
	GlobalSection(SolutionConfigurationPlatforms) = preSolution
		Debug|Any CPU = Debug|Any CPU
		Release|Any CPU = Release|Any CPU
	EndGlobalSection
	GlobalSection(ProjectConfigurationPlatforms) = postSolution
		{B431077C-7B41-46BB-BF48-C131BDFDA308}.Debug|Any CPU.ActiveCfg = Debug|Any CPU
		{B431077C-7B41-46BB-BF48-C131BDFDA308}.Debug|Any CPU.Build.0 = Debug|Any CPU
		{B431077C-7B41-46BB-BF48-C131BDFDA308}.Release|Any CPU.ActiveCfg = Release|Any CPU
		{B431077C-7B41-46BB-BF48-C131BDFDA308}.Release|Any CPU.Build.0 = Release|Any CPU
	EndGlobalSection
	GlobalSection(SolutionProperties) = preSolution
		HideSolutionNode = FALSE
	EndGlobalSection
	GlobalSection(ExtensibilityGlobals) = postSolution
		SolutionGuid = {A455E17A-A7AB-4449-BF1F-ACF07BC74B59}
	EndGlobalSection
EndGlobal
